
Microsoft Visual Studio Solution File, Format Version 12.00
Project("{FAE04EC0-301F-11D3-BF4B-00C04F79EFBC}") = "Statikk-Scraper", "Statikk-Scraper.csproj", "{C27FFDB2-8AA8-4225-9303-5DE23A207087}"
EndProject
Project("{FAE04EC0-301F-11D3-BF4B-00C04F79EFBC}") = "Statikk-Scraper.Data", "Statikk-Scraper.Data\Statikk-Scraper.Data.csproj", "{D0099127-6303-487F-B3A7-E56CC1BF6243}"
EndProject
Global
	GlobalSection(SolutionConfigurationPlatforms) = preSolution
		Debug|Any CPU = Debug|Any CPU
		Release|Any CPU = Release|Any CPU
	EndGlobalSection
	GlobalSection(ProjectConfigurationPlatforms) = postSolution
		{C27FFDB2-8AA8-4225-9303-5DE23A207087}.Debug|Any CPU.ActiveCfg = Debug|Any CPU
		{C27FFDB2-8AA8-4225-9303-5DE23A207087}.Debug|Any CPU.Build.0 = Debug|Any CPU
		{C27FFDB2-8AA8-4225-9303-5DE23A207087}.Release|Any CPU.ActiveCfg = Release|Any CPU
		{C27FFDB2-8AA8-4225-9303-5DE23A207087}.Release|Any CPU.Build.0 = Release|Any CPU
		{D0099127-6303-487F-B3A7-E56CC1BF6243}.Debug|Any CPU.ActiveCfg = Debug|Any CPU
		{D0099127-6303-487F-B3A7-E56CC1BF6243}.Debug|Any CPU.Build.0 = Debug|Any CPU
		{D0099127-6303-487F-B3A7-E56CC1BF6243}.Release|Any CPU.ActiveCfg = Release|Any CPU
		{D0099127-6303-487F-B3A7-E56CC1BF6243}.Release|Any CPU.Build.0 = Release|Any CPU
	EndGlobalSection
EndGlobal
